// !$*UTF8*$!
{
	archiveVersion = 1;
	classes = {
	};
	objectVersion = 54;
	objects = {

/* Begin PBXBuildFile section */
		00E356F31AD99517003FC87E /* HomyTests.m in Sources */ = {isa = PBXBuildFile; fileRef = 00E356F21AD99517003FC87E /* HomyTests.m */; };
		0C80B921A6F3F58F76C31292 /* libPods-Homy.a in Frameworks */ = {isa = PBXBuildFile; fileRef = 5DCACB8F33CDC322A6C60F78 /* libPods-Homy.a */; };
		13B07FBC1A68108700A75B9A /* AppDelegate.mm in Sources */ = {isa = PBXBuildFile; fileRef = 13B07FB01A68108700A75B9A /* AppDelegate.mm */; };
		13B07FBF1A68108700A75B9A /* Images.xcassets in Resources */ = {isa = PBXBuildFile; fileRef = 13B07FB51A68108700A75B9A /* Images.xcassets */; };
		13B07FC11A68108700A75B9A /* main.m in Sources */ = {isa = PBXBuildFile; fileRef = 13B07FB71A68108700A75B9A /* main.m */; };
		7699B88040F8A987B510C191 /* libPods-Homy-HomyTests.a in Frameworks */ = {isa = PBXBuildFile; fileRef = 19F6CBCC0A4E27FBF8BF4A61 /* libPods-Homy-HomyTests.a */; };
		81AB9BB82411601600AC10FF /* LaunchScreen.storyboard in Resources */ = {isa = PBXBuildFile; fileRef = 81AB9BB72411601600AC10FF /* LaunchScreen.storyboard */; };
		A0FF5CEF131447DDA4B3B717 /* SF-Pro-Display-Black.ttf in Resources */ = {isa = PBXBuildFile; fileRef = 39048DC235074F9F9A645D39 /* SF-Pro-Display-Black.ttf */; };
		61B30C7CF9E943F5BECB1B20 /* SF-Pro-Display-BlackItalic.ttf in Resources */ = {isa = PBXBuildFile; fileRef = 6FA35C0E9A3B4B2AA43E03A1 /* SF-Pro-Display-BlackItalic.ttf */; };
		6D5C15528BFC4932ACC536FF /* SF-Pro-Display-Bold.ttf in Resources */ = {isa = PBXBuildFile; fileRef = 09C32DCC6BB24074AD782633 /* SF-Pro-Display-Bold.ttf */; };
		8C38B48234DC4839A2EE6CB9 /* SF-Pro-Display-BoldItalic.ttf in Resources */ = {isa = PBXBuildFile; fileRef = 47E6B88E65C14407968839F5 /* SF-Pro-Display-BoldItalic.ttf */; };
		007128536B4643F799241D18 /* SF-Pro-Display-Heavy.ttf in Resources */ = {isa = PBXBuildFile; fileRef = CAC13682411848B5A85AB7E7 /* SF-Pro-Display-Heavy.ttf */; };
		71F8321CEE954E96BA878EF1 /* SF-Pro-Display-HeavyItalic.ttf in Resources */ = {isa = PBXBuildFile; fileRef = AC9F94F6D6C2467B89B96224 /* SF-Pro-Display-HeavyItalic.ttf */; };
		E98DB26161B54EFAB87C72FD /* SF-Pro-Display-Light.ttf in Resources */ = {isa = PBXBuildFile; fileRef = A922B0A13E5A4D9DB6082E18 /* SF-Pro-Display-Light.ttf */; };
		54BDF92FDCD9473CB96ED6C8 /* SF-Pro-Display-Medium.ttf in Resources */ = {isa = PBXBuildFile; fileRef = 69E33475CA1B4FCAA27039AC /* SF-Pro-Display-Medium.ttf */; };
		8251592A4A564E73A2007A1E /* SF-Pro-Display-MediumItalic.ttf in Resources */ = {isa = PBXBuildFile; fileRef = ADD603564A4243DCA42A12A0 /* SF-Pro-Display-MediumItalic.ttf */; };
		E6E283865D0A40FCBB50EC89 /* SF-Pro-Display-Regular.ttf in Resources */ = {isa = PBXBuildFile; fileRef = F085D86A2E6E42F7A8E17A2A /* SF-Pro-Display-Regular.ttf */; };
		5F6148F46BEB441B8D438055 /* SF-Pro-Display-RegularItalic.ttf in Resources */ = {isa = PBXBuildFile; fileRef = 09A8EDA541DE4BA1A05EC5D4 /* SF-Pro-Display-RegularItalic.ttf */; };
		887053BAAE0A4438B6681D78 /* SF-Pro-Display-Semibold.ttf in Resources */ = {isa = PBXBuildFile; fileRef = 925A2C0A267F4C58ADFC0E2F /* SF-Pro-Display-Semibold.ttf */; };
		BF520E5EDEEE48999E54CC6C /* SF-Pro-Display-SemiboldItalic.ttf in Resources */ = {isa = PBXBuildFile; fileRef = 3284D7AF27714C39BC2B0133 /* SF-Pro-Display-SemiboldItalic.ttf */; };
		715F1C3AB5074EB6A2E15AC2 /* SF-Pro-Display-Thin.ttf in Resources */ = {isa = PBXBuildFile; fileRef = 208C14B3898947EA815C6282 /* SF-Pro-Display-Thin.ttf */; };
		066468F476F4427A827FF03E /* SF-Pro-Display-ThinItalic.ttf in Resources */ = {isa = PBXBuildFile; fileRef = ACE10328C19942B9A707B136 /* SF-Pro-Display-ThinItalic.ttf */; };
		5AF91B9881054304B4706976 /* SF-Pro-Display-Ultralight.ttf in Resources */ = {isa = PBXBuildFile; fileRef = A3FCEE60C2E9481EB065BC49 /* SF-Pro-Display-Ultralight.ttf */; };
		3D7D8B0FF743417ABD845A80 /* SF-Pro-Display-UltralightItalic.ttf in Resources */ = {isa = PBXBuildFile; fileRef = FFF275077BEF4AD995B4FC80 /* SF-Pro-Display-UltralightItalic.ttf */; };
		6C24D525252D4475B529811E /* sf-pro-text-bold.ttf in Resources */ = {isa = PBXBuildFile; fileRef = F07A4BF7EF7A4B2594A2D47F /* sf-pro-text-bold.ttf */; };
		85EB545875C64D90A88C0413 /* SF-Pro-Text-BoldItalic.ttf in Resources */ = {isa = PBXBuildFile; fileRef = EDBEB30AB9274512BA476774 /* SF-Pro-Text-BoldItalic.ttf */; };
		704B146E0EEB467BB3DCE880 /* sf-pro-text-heavy.ttf in Resources */ = {isa = PBXBuildFile; fileRef = 31BEA0F380EB4CEEA1F12F02 /* sf-pro-text-heavy.ttf */; };
		B18990CDBB634870AFD45F67 /* SF-Pro-Text-HeavyItalic.ttf in Resources */ = {isa = PBXBuildFile; fileRef = 1809959B3F584CD78C00CCFC /* SF-Pro-Text-HeavyItalic.ttf */; };
		F46EAE2E3A774DE083E165B5 /* sf-pro-text-light.ttf in Resources */ = {isa = PBXBuildFile; fileRef = EE1457D82447473E91200CB6 /* sf-pro-text-light.ttf */; };
		7B991E8326F94C888B3295F2 /* SF-Pro-Text-LightItalic.ttf in Resources */ = {isa = PBXBuildFile; fileRef = 6EF6286B55CC4ADCA11EE50A /* SF-Pro-Text-LightItalic.ttf */; };
		83115E07149D4B1A8DA649F4 /* sf-pro-text-medium.ttf in Resources */ = {isa = PBXBuildFile; fileRef = D2FBDE97A83E465D93EE553B /* sf-pro-text-medium.ttf */; };
		1C82C4CF06144FF4A2390A17 /* SF-Pro-Text-MediumItalic.ttf in Resources */ = {isa = PBXBuildFile; fileRef = 2A05E8934B8948BDBAFA467A /* SF-Pro-Text-MediumItalic.ttf */; };
		AEC6E13EC715492BBDB42E52 /* sf-pro-text-regular.ttf in Resources */ = {isa = PBXBuildFile; fileRef = 6289AB197CAE467F9BB6D073 /* sf-pro-text-regular.ttf */; };
		D142298E04F84EF0A11A554C /* SF-Pro-Text-RegularItalic.ttf in Resources */ = {isa = PBXBuildFile; fileRef = 03146C399BA547438977155E /* SF-Pro-Text-RegularItalic.ttf */; };
		EA384525FC9648A9BB9EF44D /* sf-pro-text-semibold.ttf in Resources */ = {isa = PBXBuildFile; fileRef = 3BC957EE61BD4A95B3433B9A /* sf-pro-text-semibold.ttf */; };
		40E4C2B757AE47FE8E14BE50 /* SF-Pro-Text-SemiboldItalic.ttf in Resources */ = {isa = PBXBuildFile; fileRef = 2389088B80D840299634A609 /* SF-Pro-Text-SemiboldItalic.ttf */; };
/* End PBXBuildFile section */

/* Begin PBXContainerItemProxy section */
		00E356F41AD99517003FC87E /* PBXContainerItemProxy */ = {
			isa = PBXContainerItemProxy;
			containerPortal = 83CBB9F71A601CBA00E9B192 /* Project object */;
			proxyType = 1;
			remoteGlobalIDString = 13B07F861A680F5B00A75B9A;
			remoteInfo = Homy;
		};
/* End PBXContainerItemProxy section */

/* Begin PBXFileReference section */
		00E356EE1AD99517003FC87E /* HomyTests.xctest */ = {isa = PBXFileReference; explicitFileType = wrapper.cfbundle; includeInIndex = 0; path = HomyTests.xctest; sourceTree = BUILT_PRODUCTS_DIR; };
		00E356F11AD99517003FC87E /* Info.plist */ = {isa = PBXFileReference; lastKnownFileType = text.plist.xml; path = Info.plist; sourceTree = "<group>"; };
		00E356F21AD99517003FC87E /* HomyTests.m */ = {isa = PBXFileReference; lastKnownFileType = sourcecode.c.objc; path = HomyTests.m; sourceTree = "<group>"; };
		13B07F961A680F5B00A75B9A /* Homy.app */ = {isa = PBXFileReference; explicitFileType = wrapper.application; includeInIndex = 0; path = Homy.app; sourceTree = BUILT_PRODUCTS_DIR; };
		13B07FAF1A68108700A75B9A /* AppDelegate.h */ = {isa = PBXFileReference; fileEncoding = 4; lastKnownFileType = sourcecode.c.h; name = AppDelegate.h; path = Homy/AppDelegate.h; sourceTree = "<group>"; };
		13B07FB01A68108700A75B9A /* AppDelegate.mm */ = {isa = PBXFileReference; fileEncoding = 4; lastKnownFileType = sourcecode.cpp.objcpp; name = AppDelegate.mm; path = Homy/AppDelegate.mm; sourceTree = "<group>"; };
		13B07FB51A68108700A75B9A /* Images.xcassets */ = {isa = PBXFileReference; lastKnownFileType = folder.assetcatalog; name = Images.xcassets; path = Homy/Images.xcassets; sourceTree = "<group>"; };
		13B07FB61A68108700A75B9A /* Info.plist */ = {isa = PBXFileReference; fileEncoding = 4; lastKnownFileType = text.plist.xml; name = Info.plist; path = Homy/Info.plist; sourceTree = "<group>"; };
		13B07FB71A68108700A75B9A /* main.m */ = {isa = PBXFileReference; fileEncoding = 4; lastKnownFileType = sourcecode.c.objc; name = main.m; path = Homy/main.m; sourceTree = "<group>"; };
		19F6CBCC0A4E27FBF8BF4A61 /* libPods-Homy-HomyTests.a */ = {isa = PBXFileReference; explicitFileType = archive.ar; includeInIndex = 0; path = "libPods-Homy-HomyTests.a"; sourceTree = BUILT_PRODUCTS_DIR; };
		3B4392A12AC88292D35C810B /* Pods-Homy.debug.xcconfig */ = {isa = PBXFileReference; includeInIndex = 1; lastKnownFileType = text.xcconfig; name = "Pods-Homy.debug.xcconfig"; path = "Target Support Files/Pods-Homy/Pods-Homy.debug.xcconfig"; sourceTree = "<group>"; };
		5709B34CF0A7D63546082F79 /* Pods-Homy.release.xcconfig */ = {isa = PBXFileReference; includeInIndex = 1; lastKnownFileType = text.xcconfig; name = "Pods-Homy.release.xcconfig"; path = "Target Support Files/Pods-Homy/Pods-Homy.release.xcconfig"; sourceTree = "<group>"; };
		5B7EB9410499542E8C5724F5 /* Pods-Homy-HomyTests.debug.xcconfig */ = {isa = PBXFileReference; includeInIndex = 1; lastKnownFileType = text.xcconfig; name = "Pods-Homy-HomyTests.debug.xcconfig"; path = "Target Support Files/Pods-Homy-HomyTests/Pods-Homy-HomyTests.debug.xcconfig"; sourceTree = "<group>"; };
		5DCACB8F33CDC322A6C60F78 /* libPods-Homy.a */ = {isa = PBXFileReference; explicitFileType = archive.ar; includeInIndex = 0; path = "libPods-Homy.a"; sourceTree = BUILT_PRODUCTS_DIR; };
		81AB9BB72411601600AC10FF /* LaunchScreen.storyboard */ = {isa = PBXFileReference; fileEncoding = 4; lastKnownFileType = file.storyboard; name = LaunchScreen.storyboard; path = Homy/LaunchScreen.storyboard; sourceTree = "<group>"; };
		89C6BE57DB24E9ADA2F236DE /* Pods-Homy-HomyTests.release.xcconfig */ = {isa = PBXFileReference; includeInIndex = 1; lastKnownFileType = text.xcconfig; name = "Pods-Homy-HomyTests.release.xcconfig"; path = "Target Support Files/Pods-Homy-HomyTests/Pods-Homy-HomyTests.release.xcconfig"; sourceTree = "<group>"; };
		ED297162215061F000B7C4FE /* JavaScriptCore.framework */ = {isa = PBXFileReference; lastKnownFileType = wrapper.framework; name = JavaScriptCore.framework; path = System/Library/Frameworks/JavaScriptCore.framework; sourceTree = SDKROOT; };
		39048DC235074F9F9A645D39 /* SF-Pro-Display-Black.ttf */ = {isa = PBXFileReference; name = "SF-Pro-Display-Black.ttf"; path = "../src/Assets/Fonts/SF-Pro-Display-Black.ttf"; sourceTree = "<group>"; fileEncoding = undefined; lastKnownFileType = unknown; explicitFileType = undefined; includeInIndex = 0; };
		6FA35C0E9A3B4B2AA43E03A1 /* SF-Pro-Display-BlackItalic.ttf */ = {isa = PBXFileReference; name = "SF-Pro-Display-BlackItalic.ttf"; path = "../src/Assets/Fonts/SF-Pro-Display-BlackItalic.ttf"; sourceTree = "<group>"; fileEncoding = undefined; lastKnownFileType = unknown; explicitFileType = undefined; includeInIndex = 0; };
		09C32DCC6BB24074AD782633 /* SF-Pro-Display-Bold.ttf */ = {isa = PBXFileReference; name = "SF-Pro-Display-Bold.ttf"; path = "../src/Assets/Fonts/SF-Pro-Display-Bold.ttf"; sourceTree = "<group>"; fileEncoding = undefined; lastKnownFileType = unknown; explicitFileType = undefined; includeInIndex = 0; };
		47E6B88E65C14407968839F5 /* SF-Pro-Display-BoldItalic.ttf */ = {isa = PBXFileReference; name = "SF-Pro-Display-BoldItalic.ttf"; path = "../src/Assets/Fonts/SF-Pro-Display-BoldItalic.ttf"; sourceTree = "<group>"; fileEncoding = undefined; lastKnownFileType = unknown; explicitFileType = undefined; includeInIndex = 0; };
		CAC13682411848B5A85AB7E7 /* SF-Pro-Display-Heavy.ttf */ = {isa = PBXFileReference; name = "SF-Pro-Display-Heavy.ttf"; path = "../src/Assets/Fonts/SF-Pro-Display-Heavy.ttf"; sourceTree = "<group>"; fileEncoding = undefined; lastKnownFileType = unknown; explicitFileType = undefined; includeInIndex = 0; };
		AC9F94F6D6C2467B89B96224 /* SF-Pro-Display-HeavyItalic.ttf */ = {isa = PBXFileReference; name = "SF-Pro-Display-HeavyItalic.ttf"; path = "../src/Assets/Fonts/SF-Pro-Display-HeavyItalic.ttf"; sourceTree = "<group>"; fileEncoding = undefined; lastKnownFileType = unknown; explicitFileType = undefined; includeInIndex = 0; };
		A922B0A13E5A4D9DB6082E18 /* SF-Pro-Display-Light.ttf */ = {isa = PBXFileReference; name = "SF-Pro-Display-Light.ttf"; path = "../src/Assets/Fonts/SF-Pro-Display-Light.ttf"; sourceTree = "<group>"; fileEncoding = undefined; lastKnownFileType = unknown; explicitFileType = undefined; includeInIndex = 0; };
		69E33475CA1B4FCAA27039AC /* SF-Pro-Display-Medium.ttf */ = {isa = PBXFileReference; name = "SF-Pro-Display-Medium.ttf"; path = "../src/Assets/Fonts/SF-Pro-Display-Medium.ttf"; sourceTree = "<group>"; fileEncoding = undefined; lastKnownFileType = unknown; explicitFileType = undefined; includeInIndex = 0; };
		ADD603564A4243DCA42A12A0 /* SF-Pro-Display-MediumItalic.ttf */ = {isa = PBXFileReference; name = "SF-Pro-Display-MediumItalic.ttf"; path = "../src/Assets/Fonts/SF-Pro-Display-MediumItalic.ttf"; sourceTree = "<group>"; fileEncoding = undefined; lastKnownFileType = unknown; explicitFileType = undefined; includeInIndex = 0; };
		F085D86A2E6E42F7A8E17A2A /* SF-Pro-Display-Regular.ttf */ = {isa = PBXFileReference; name = "SF-Pro-Display-Regular.ttf"; path = "../src/Assets/Fonts/SF-Pro-Display-Regular.ttf"; sourceTree = "<group>"; fileEncoding = undefined; lastKnownFileType = unknown; explicitFileType = undefined; includeInIndex = 0; };
		09A8EDA541DE4BA1A05EC5D4 /* SF-Pro-Display-RegularItalic.ttf */ = {isa = PBXFileReference; name = "SF-Pro-Display-RegularItalic.ttf"; path = "../src/Assets/Fonts/SF-Pro-Display-RegularItalic.ttf"; sourceTree = "<group>"; fileEncoding = undefined; lastKnownFileType = unknown; explicitFileType = undefined; includeInIndex = 0; };
		925A2C0A267F4C58ADFC0E2F /* SF-Pro-Display-Semibold.ttf */ = {isa = PBXFileReference; name = "SF-Pro-Display-Semibold.ttf"; path = "../src/Assets/Fonts/SF-Pro-Display-Semibold.ttf"; sourceTree = "<group>"; fileEncoding = undefined; lastKnownFileType = unknown; explicitFileType = undefined; includeInIndex = 0; };
		3284D7AF27714C39BC2B0133 /* SF-Pro-Display-SemiboldItalic.ttf */ = {isa = PBXFileReference; name = "SF-Pro-Display-SemiboldItalic.ttf"; path = "../src/Assets/Fonts/SF-Pro-Display-SemiboldItalic.ttf"; sourceTree = "<group>"; fileEncoding = undefined; lastKnownFileType = unknown; explicitFileType = undefined; includeInIndex = 0; };
		208C14B3898947EA815C6282 /* SF-Pro-Display-Thin.ttf */ = {isa = PBXFileReference; name = "SF-Pro-Display-Thin.ttf"; path = "../src/Assets/Fonts/SF-Pro-Display-Thin.ttf"; sourceTree = "<group>"; fileEncoding = undefined; lastKnownFileType = unknown; explicitFileType = undefined; includeInIndex = 0; };
		ACE10328C19942B9A707B136 /* SF-Pro-Display-ThinItalic.ttf */ = {isa = PBXFileReference; name = "SF-Pro-Display-ThinItalic.ttf"; path = "../src/Assets/Fonts/SF-Pro-Display-ThinItalic.ttf"; sourceTree = "<group>"; fileEncoding = undefined; lastKnownFileType = unknown; explicitFileType = undefined; includeInIndex = 0; };
		A3FCEE60C2E9481EB065BC49 /* SF-Pro-Display-Ultralight.ttf */ = {isa = PBXFileReference; name = "SF-Pro-Display-Ultralight.ttf"; path = "../src/Assets/Fonts/SF-Pro-Display-Ultralight.ttf"; sourceTree = "<group>"; fileEncoding = undefined; lastKnownFileType = unknown; explicitFileType = undefined; includeInIndex = 0; };
		FFF275077BEF4AD995B4FC80 /* SF-Pro-Display-UltralightItalic.ttf */ = {isa = PBXFileReference; name = "SF-Pro-Display-UltralightItalic.ttf"; path = "../src/Assets/Fonts/SF-Pro-Display-UltralightItalic.ttf"; sourceTree = "<group>"; fileEncoding = undefined; lastKnownFileType = unknown; explicitFileType = undefined; includeInIndex = 0; };
		F07A4BF7EF7A4B2594A2D47F /* sf-pro-text-bold.ttf */ = {isa = PBXFileReference; name = "sf-pro-text-bold.ttf"; path = "../src/Assets/Fonts/sf-pro-text-bold.ttf"; sourceTree = "<group>"; fileEncoding = undefined; lastKnownFileType = unknown; explicitFileType = undefined; includeInIndex = 0; };
		EDBEB30AB9274512BA476774 /* SF-Pro-Text-BoldItalic.ttf */ = {isa = PBXFileReference; name = "SF-Pro-Text-BoldItalic.ttf"; path = "../src/Assets/Fonts/SF-Pro-Text-BoldItalic.ttf"; sourceTree = "<group>"; fileEncoding = undefined; lastKnownFileType = unknown; explicitFileType = undefined; includeInIndex = 0; };
		31BEA0F380EB4CEEA1F12F02 /* sf-pro-text-heavy.ttf */ = {isa = PBXFileReference; name = "sf-pro-text-heavy.ttf"; path = "../src/Assets/Fonts/sf-pro-text-heavy.ttf"; sourceTree = "<group>"; fileEncoding = undefined; lastKnownFileType = unknown; explicitFileType = undefined; includeInIndex = 0; };
		1809959B3F584CD78C00CCFC /* SF-Pro-Text-HeavyItalic.ttf */ = {isa = PBXFileReference; name = "SF-Pro-Text-HeavyItalic.ttf"; path = "../src/Assets/Fonts/SF-Pro-Text-HeavyItalic.ttf"; sourceTree = "<group>"; fileEncoding = undefined; lastKnownFileType = unknown; explicitFileType = undefined; includeInIndex = 0; };
		EE1457D82447473E91200CB6 /* sf-pro-text-light.ttf */ = {isa = PBXFileReference; name = "sf-pro-text-light.ttf"; path = "../src/Assets/Fonts/sf-pro-text-light.ttf"; sourceTree = "<group>"; fileEncoding = undefined; lastKnownFileType = unknown; explicitFileType = undefined; includeInIndex = 0; };
		6EF6286B55CC4ADCA11EE50A /* SF-Pro-Text-LightItalic.ttf */ = {isa = PBXFileReference; name = "SF-Pro-Text-LightItalic.ttf"; path = "../src/Assets/Fonts/SF-Pro-Text-LightItalic.ttf"; sourceTree = "<group>"; fileEncoding = undefined; lastKnownFileType = unknown; explicitFileType = undefined; includeInIndex = 0; };
		D2FBDE97A83E465D93EE553B /* sf-pro-text-medium.ttf */ = {isa = PBXFileReference; name = "sf-pro-text-medium.ttf"; path = "../src/Assets/Fonts/sf-pro-text-medium.ttf"; sourceTree = "<group>"; fileEncoding = undefined; lastKnownFileType = unknown; explicitFileType = undefined; includeInIndex = 0; };
		2A05E8934B8948BDBAFA467A /* SF-Pro-Text-MediumItalic.ttf */ = {isa = PBXFileReference; name = "SF-Pro-Text-MediumItalic.ttf"; path = "../src/Assets/Fonts/SF-Pro-Text-MediumItalic.ttf"; sourceTree = "<group>"; fileEncoding = undefined; lastKnownFileType = unknown; explicitFileType = undefined; includeInIndex = 0; };
		6289AB197CAE467F9BB6D073 /* sf-pro-text-regular.ttf */ = {isa = PBXFileReference; name = "sf-pro-text-regular.ttf"; path = "../src/Assets/Fonts/sf-pro-text-regular.ttf"; sourceTree = "<group>"; fileEncoding = undefined; lastKnownFileType = unknown; explicitFileType = undefined; includeInIndex = 0; };
		03146C399BA547438977155E /* SF-Pro-Text-RegularItalic.ttf */ = {isa = PBXFileReference; name = "SF-Pro-Text-RegularItalic.ttf"; path = "../src/Assets/Fonts/SF-Pro-Text-RegularItalic.ttf"; sourceTree = "<group>"; fileEncoding = undefined; lastKnownFileType = unknown; explicitFileType = undefined; includeInIndex = 0; };
		3BC957EE61BD4A95B3433B9A /* sf-pro-text-semibold.ttf */ = {isa = PBXFileReference; name = "sf-pro-text-semibold.ttf"; path = "../src/Assets/Fonts/sf-pro-text-semibold.ttf"; sourceTree = "<group>"; fileEncoding = undefined; lastKnownFileType = unknown; explicitFileType = undefined; includeInIndex = 0; };
		2389088B80D840299634A609 /* SF-Pro-Text-SemiboldItalic.ttf */ = {isa = PBXFileReference; name = "SF-Pro-Text-SemiboldItalic.ttf"; path = "../src/Assets/Fonts/SF-Pro-Text-SemiboldItalic.ttf"; sourceTree = "<group>"; fileEncoding = undefined; lastKnownFileType = unknown; explicitFileType = undefined; includeInIndex = 0; };
/* End PBXFileReference section */

/* Begin PBXFrameworksBuildPhase section */
		00E356EB1AD99517003FC87E /* Frameworks */ = {
			isa = PBXFrameworksBuildPhase;
			buildActionMask = 2147483647;
			files = (
				7699B88040F8A987B510C191 /* libPods-Homy-HomyTests.a in Frameworks */,
			);
			runOnlyForDeploymentPostprocessing = 0;
		};
		13B07F8C1A680F5B00A75B9A /* Frameworks */ = {
			isa = PBXFrameworksBuildPhase;
			buildActionMask = 2147483647;
			files = (
				0C80B921A6F3F58F76C31292 /* libPods-Homy.a in Frameworks */,
			);
			runOnlyForDeploymentPostprocessing = 0;
		};
/* End PBXFrameworksBuildPhase section */

/* Begin PBXGroup section */
		00E356EF1AD99517003FC87E /* HomyTests */ = {
			isa = PBXGroup;
			children = (
				00E356F21AD99517003FC87E /* HomyTests.m */,
				00E356F01AD99517003FC87E /* Supporting Files */,
			);
			path = HomyTests;
			sourceTree = "<group>";
		};
		00E356F01AD99517003FC87E /* Supporting Files */ = {
			isa = PBXGroup;
			children = (
				00E356F11AD99517003FC87E /* Info.plist */,
			);
			name = "Supporting Files";
			sourceTree = "<group>";
		};
		13B07FAE1A68108700A75B9A /* Homy */ = {
			isa = PBXGroup;
			children = (
				13B07FAF1A68108700A75B9A /* AppDelegate.h */,
				13B07FB01A68108700A75B9A /* AppDelegate.mm */,
				13B07FB51A68108700A75B9A /* Images.xcassets */,
				13B07FB61A68108700A75B9A /* Info.plist */,
				81AB9BB72411601600AC10FF /* LaunchScreen.storyboard */,
				13B07FB71A68108700A75B9A /* main.m */,
			);
			name = Homy;
			sourceTree = "<group>";
		};
		2D16E6871FA4F8E400B85C8A /* Frameworks */ = {
			isa = PBXGroup;
			children = (
				ED297162215061F000B7C4FE /* JavaScriptCore.framework */,
				5DCACB8F33CDC322A6C60F78 /* libPods-Homy.a */,
				19F6CBCC0A4E27FBF8BF4A61 /* libPods-Homy-HomyTests.a */,
			);
			name = Frameworks;
			sourceTree = "<group>";
		};
		832341AE1AAA6A7D00B99B32 /* Libraries */ = {
			isa = PBXGroup;
			children = (
			);
			name = Libraries;
			sourceTree = "<group>";
		};
		83CBB9F61A601CBA00E9B192 = {
			isa = PBXGroup;
			children = (
				13B07FAE1A68108700A75B9A /* Homy */,
				832341AE1AAA6A7D00B99B32 /* Libraries */,
				00E356EF1AD99517003FC87E /* HomyTests */,
				83CBBA001A601CBA00E9B192 /* Products */,
				2D16E6871FA4F8E400B85C8A /* Frameworks */,
				BBD78D7AC51CEA395F1C20DB /* Pods */,
				7F8C22E271D940E9B3C8CAB8 /* Resources */,
			);
			indentWidth = 2;
			sourceTree = "<group>";
			tabWidth = 2;
			usesTabs = 0;
		};
		83CBBA001A601CBA00E9B192 /* Products */ = {
			isa = PBXGroup;
			children = (
				13B07F961A680F5B00A75B9A /* Homy.app */,
				00E356EE1AD99517003FC87E /* HomyTests.xctest */,
			);
			name = Products;
			sourceTree = "<group>";
		};
		BBD78D7AC51CEA395F1C20DB /* Pods */ = {
			isa = PBXGroup;
			children = (
				3B4392A12AC88292D35C810B /* Pods-Homy.debug.xcconfig */,
				5709B34CF0A7D63546082F79 /* Pods-Homy.release.xcconfig */,
				5B7EB9410499542E8C5724F5 /* Pods-Homy-HomyTests.debug.xcconfig */,
				89C6BE57DB24E9ADA2F236DE /* Pods-Homy-HomyTests.release.xcconfig */,
			);
			path = Pods;
			sourceTree = "<group>";
		};
		7F8C22E271D940E9B3C8CAB8 /* Resources */ = {
			isa = "PBXGroup";
			children = (
				39048DC235074F9F9A645D39 /* SF-Pro-Display-Black.ttf */,
				6FA35C0E9A3B4B2AA43E03A1 /* SF-Pro-Display-BlackItalic.ttf */,
				09C32DCC6BB24074AD782633 /* SF-Pro-Display-Bold.ttf */,
				47E6B88E65C14407968839F5 /* SF-Pro-Display-BoldItalic.ttf */,
				CAC13682411848B5A85AB7E7 /* SF-Pro-Display-Heavy.ttf */,
				AC9F94F6D6C2467B89B96224 /* SF-Pro-Display-HeavyItalic.ttf */,
				A922B0A13E5A4D9DB6082E18 /* SF-Pro-Display-Light.ttf */,
				69E33475CA1B4FCAA27039AC /* SF-Pro-Display-Medium.ttf */,
				ADD603564A4243DCA42A12A0 /* SF-Pro-Display-MediumItalic.ttf */,
				F085D86A2E6E42F7A8E17A2A /* SF-Pro-Display-Regular.ttf */,
				09A8EDA541DE4BA1A05EC5D4 /* SF-Pro-Display-RegularItalic.ttf */,
				925A2C0A267F4C58ADFC0E2F /* SF-Pro-Display-Semibold.ttf */,
				3284D7AF27714C39BC2B0133 /* SF-Pro-Display-SemiboldItalic.ttf */,
				208C14B3898947EA815C6282 /* SF-Pro-Display-Thin.ttf */,
				ACE10328C19942B9A707B136 /* SF-Pro-Display-ThinItalic.ttf */,
				A3FCEE60C2E9481EB065BC49 /* SF-Pro-Display-Ultralight.ttf */,
				FFF275077BEF4AD995B4FC80 /* SF-Pro-Display-UltralightItalic.ttf */,
				F07A4BF7EF7A4B2594A2D47F /* sf-pro-text-bold.ttf */,
				EDBEB30AB9274512BA476774 /* SF-Pro-Text-BoldItalic.ttf */,
				31BEA0F380EB4CEEA1F12F02 /* sf-pro-text-heavy.ttf */,
				1809959B3F584CD78C00CCFC /* SF-Pro-Text-HeavyItalic.ttf */,
				EE1457D82447473E91200CB6 /* sf-pro-text-light.ttf */,
				6EF6286B55CC4ADCA11EE50A /* SF-Pro-Text-LightItalic.ttf */,
				D2FBDE97A83E465D93EE553B /* sf-pro-text-medium.ttf */,
				2A05E8934B8948BDBAFA467A /* SF-Pro-Text-MediumItalic.ttf */,
				6289AB197CAE467F9BB6D073 /* sf-pro-text-regular.ttf */,
				03146C399BA547438977155E /* SF-Pro-Text-RegularItalic.ttf */,
				3BC957EE61BD4A95B3433B9A /* sf-pro-text-semibold.ttf */,
				2389088B80D840299634A609 /* SF-Pro-Text-SemiboldItalic.ttf */,
			);
			name = Resources;
			sourceTree = "<group>";
			path = "";
		};
/* End PBXGroup section */

/* Begin PBXNativeTarget section */
		00E356ED1AD99517003FC87E /* HomyTests */ = {
			isa = PBXNativeTarget;
			buildConfigurationList = 00E357021AD99517003FC87E /* Build configuration list for PBXNativeTarget "HomyTests" */;
			buildPhases = (
				A55EABD7B0C7F3A422A6CC61 /* [CP] Check Pods Manifest.lock */,
				00E356EA1AD99517003FC87E /* Sources */,
				00E356EB1AD99517003FC87E /* Frameworks */,
				00E356EC1AD99517003FC87E /* Resources */,
				C59DA0FBD6956966B86A3779 /* [CP] Embed Pods Frameworks */,
				F6A41C54EA430FDDC6A6ED99 /* [CP] Copy Pods Resources */,
			);
			buildRules = (
			);
			dependencies = (
				00E356F51AD99517003FC87E /* PBXTargetDependency */,
			);
			name = HomyTests;
			productName = HomyTests;
			productReference = 00E356EE1AD99517003FC87E /* HomyTests.xctest */;
			productType = "com.apple.product-type.bundle.unit-test";
		};
		13B07F861A680F5B00A75B9A /* Homy */ = {
			isa = PBXNativeTarget;
			buildConfigurationList = 13B07F931A680F5B00A75B9A /* Build configuration list for PBXNativeTarget "Homy" */;
			buildPhases = (
				C38B50BA6285516D6DCD4F65 /* [CP] Check Pods Manifest.lock */,
				FD10A7F022414F080027D42C /* Start Packager */,
				13B07F871A680F5B00A75B9A /* Sources */,
				13B07F8C1A680F5B00A75B9A /* Frameworks */,
				13B07F8E1A680F5B00A75B9A /* Resources */,
				00DD1BFF1BD5951E006B06BC /* Bundle React Native code and images */,
				00EEFC60759A1932668264C0 /* [CP] Embed Pods Frameworks */,
				E235C05ADACE081382539298 /* [CP] Copy Pods Resources */,
			);
			buildRules = (
			);
			dependencies = (
			);
			name = Homy;
			productName = Homy;
			productReference = 13B07F961A680F5B00A75B9A /* Homy.app */;
			productType = "com.apple.product-type.application";
		};
/* End PBXNativeTarget section */

/* Begin PBXProject section */
		83CBB9F71A601CBA00E9B192 /* Project object */ = {
			isa = PBXProject;
			attributes = {
				LastUpgradeCheck = 1210;
				TargetAttributes = {
					00E356ED1AD99517003FC87E = {
						CreatedOnToolsVersion = 6.2;
						TestTargetID = 13B07F861A680F5B00A75B9A;
					};
					13B07F861A680F5B00A75B9A = {
						LastSwiftMigration = 1120;
					};
				};
			};
			buildConfigurationList = 83CBB9FA1A601CBA00E9B192 /* Build configuration list for PBXProject "Homy" */;
			compatibilityVersion = "Xcode 12.0";
			developmentRegion = en;
			hasScannedForEncodings = 0;
			knownRegions = (
				en,
				Base,
			);
			mainGroup = 83CBB9F61A601CBA00E9B192;
			productRefGroup = 83CBBA001A601CBA00E9B192 /* Products */;
			projectDirPath = "";
			projectRoot = "";
			targets = (
				13B07F861A680F5B00A75B9A /* Homy */,
				00E356ED1AD99517003FC87E /* HomyTests */,
			);
		};
/* End PBXProject section */

/* Begin PBXResourcesBuildPhase section */
		00E356EC1AD99517003FC87E /* Resources */ = {
			isa = PBXResourcesBuildPhase;
			buildActionMask = 2147483647;
			files = (
			);
			runOnlyForDeploymentPostprocessing = 0;
		};
		13B07F8E1A680F5B00A75B9A /* Resources */ = {
			isa = PBXResourcesBuildPhase;
			buildActionMask = 2147483647;
			files = (
				81AB9BB82411601600AC10FF /* LaunchScreen.storyboard in Resources */,
				13B07FBF1A68108700A75B9A /* Images.xcassets in Resources */,
				A0FF5CEF131447DDA4B3B717 /* SF-Pro-Display-Black.ttf in Resources */,
				61B30C7CF9E943F5BECB1B20 /* SF-Pro-Display-BlackItalic.ttf in Resources */,
				6D5C15528BFC4932ACC536FF /* SF-Pro-Display-Bold.ttf in Resources */,
				8C38B48234DC4839A2EE6CB9 /* SF-Pro-Display-BoldItalic.ttf in Resources */,
				007128536B4643F799241D18 /* SF-Pro-Display-Heavy.ttf in Resources */,
				71F8321CEE954E96BA878EF1 /* SF-Pro-Display-HeavyItalic.ttf in Resources */,
				E98DB26161B54EFAB87C72FD /* SF-Pro-Display-Light.ttf in Resources */,
				54BDF92FDCD9473CB96ED6C8 /* SF-Pro-Display-Medium.ttf in Resources */,
				8251592A4A564E73A2007A1E /* SF-Pro-Display-MediumItalic.ttf in Resources */,
				E6E283865D0A40FCBB50EC89 /* SF-Pro-Display-Regular.ttf in Resources */,
				5F6148F46BEB441B8D438055 /* SF-Pro-Display-RegularItalic.ttf in Resources */,
				887053BAAE0A4438B6681D78 /* SF-Pro-Display-Semibold.ttf in Resources */,
				BF520E5EDEEE48999E54CC6C /* SF-Pro-Display-SemiboldItalic.ttf in Resources */,
				715F1C3AB5074EB6A2E15AC2 /* SF-Pro-Display-Thin.ttf in Resources */,
				066468F476F4427A827FF03E /* SF-Pro-Display-ThinItalic.ttf in Resources */,
				5AF91B9881054304B4706976 /* SF-Pro-Display-Ultralight.ttf in Resources */,
				3D7D8B0FF743417ABD845A80 /* SF-Pro-Display-UltralightItalic.ttf in Resources */,
				6C24D525252D4475B529811E /* sf-pro-text-bold.ttf in Resources */,
				85EB545875C64D90A88C0413 /* SF-Pro-Text-BoldItalic.ttf in Resources */,
				704B146E0EEB467BB3DCE880 /* sf-pro-text-heavy.ttf in Resources */,
				B18990CDBB634870AFD45F67 /* SF-Pro-Text-HeavyItalic.ttf in Resources */,
				F46EAE2E3A774DE083E165B5 /* sf-pro-text-light.ttf in Resources */,
				7B991E8326F94C888B3295F2 /* SF-Pro-Text-LightItalic.ttf in Resources */,
				83115E07149D4B1A8DA649F4 /* sf-pro-text-medium.ttf in Resources */,
				1C82C4CF06144FF4A2390A17 /* SF-Pro-Text-MediumItalic.ttf in Resources */,
				AEC6E13EC715492BBDB42E52 /* sf-pro-text-regular.ttf in Resources */,
				D142298E04F84EF0A11A554C /* SF-Pro-Text-RegularItalic.ttf in Resources */,
				EA384525FC9648A9BB9EF44D /* sf-pro-text-semibold.ttf in Resources */,
				40E4C2B757AE47FE8E14BE50 /* SF-Pro-Text-SemiboldItalic.ttf in Resources */,
			);
			runOnlyForDeploymentPostprocessing = 0;
		};
/* End PBXResourcesBuildPhase section */

/* Begin PBXShellScriptBuildPhase section */
		00DD1BFF1BD5951E006B06BC /* Bundle React Native code and images */ = {
			isa = PBXShellScriptBuildPhase;
			buildActionMask = 2147483647;
			files = (
			);
			inputPaths = (
				"$(SRCROOT)/.xcode.env.local",
				"$(SRCROOT)/.xcode.env",
			);
			name = "Bundle React Native code and images";
			outputPaths = (
			);
			runOnlyForDeploymentPostprocessing = 0;
			shellPath = /bin/sh;
			shellScript = "set -e\n\nWITH_ENVIRONMENT=\"../node_modules/react-native/scripts/xcode/with-environment.sh\"\nREACT_NATIVE_XCODE=\"../node_modules/react-native/scripts/react-native-xcode.sh\"\n\n/bin/sh -c \"$WITH_ENVIRONMENT $REACT_NATIVE_XCODE\"\n";
		};
		00EEFC60759A1932668264C0 /* [CP] Embed Pods Frameworks */ = {
			isa = PBXShellScriptBuildPhase;
			buildActionMask = 2147483647;
			files = (
			);
			inputFileListPaths = (
				"${PODS_ROOT}/Target Support Files/Pods-Homy/Pods-Homy-frameworks-${CONFIGURATION}-input-files.xcfilelist",
			);
			name = "[CP] Embed Pods Frameworks";
			outputFileListPaths = (
				"${PODS_ROOT}/Target Support Files/Pods-Homy/Pods-Homy-frameworks-${CONFIGURATION}-output-files.xcfilelist",
			);
			runOnlyForDeploymentPostprocessing = 0;
			shellPath = /bin/sh;
			shellScript = "\"${PODS_ROOT}/Target Support Files/Pods-Homy/Pods-Homy-frameworks.sh\"\n";
			showEnvVarsInLog = 0;
		};
		A55EABD7B0C7F3A422A6CC61 /* [CP] Check Pods Manifest.lock */ = {
			isa = PBXShellScriptBuildPhase;
			buildActionMask = 2147483647;
			files = (
			);
			inputFileListPaths = (
			);
			inputPaths = (
				"${PODS_PODFILE_DIR_PATH}/Podfile.lock",
				"${PODS_ROOT}/Manifest.lock",
			);
			name = "[CP] Check Pods Manifest.lock";
			outputFileListPaths = (
			);
			outputPaths = (
				"$(DERIVED_FILE_DIR)/Pods-Homy-HomyTests-checkManifestLockResult.txt",
			);
			runOnlyForDeploymentPostprocessing = 0;
			shellPath = /bin/sh;
			shellScript = "diff \"${PODS_PODFILE_DIR_PATH}/Podfile.lock\" \"${PODS_ROOT}/Manifest.lock\" > /dev/null\nif [ $? != 0 ] ; then\n    # print error to STDERR\n    echo \"error: The sandbox is not in sync with the Podfile.lock. Run 'pod install' or update your CocoaPods installation.\" >&2\n    exit 1\nfi\n# This output is used by Xcode 'outputs' to avoid re-running this script phase.\necho \"SUCCESS\" > \"${SCRIPT_OUTPUT_FILE_0}\"\n";
			showEnvVarsInLog = 0;
		};
		C38B50BA6285516D6DCD4F65 /* [CP] Check Pods Manifest.lock */ = {
			isa = PBXShellScriptBuildPhase;
			buildActionMask = 2147483647;
			files = (
			);
			inputFileListPaths = (
			);
			inputPaths = (
				"${PODS_PODFILE_DIR_PATH}/Podfile.lock",
				"${PODS_ROOT}/Manifest.lock",
			);
			name = "[CP] Check Pods Manifest.lock";
			outputFileListPaths = (
			);
			outputPaths = (
				"$(DERIVED_FILE_DIR)/Pods-Homy-checkManifestLockResult.txt",
			);
			runOnlyForDeploymentPostprocessing = 0;
			shellPath = /bin/sh;
			shellScript = "diff \"${PODS_PODFILE_DIR_PATH}/Podfile.lock\" \"${PODS_ROOT}/Manifest.lock\" > /dev/null\nif [ $? != 0 ] ; then\n    # print error to STDERR\n    echo \"error: The sandbox is not in sync with the Podfile.lock. Run 'pod install' or update your CocoaPods installation.\" >&2\n    exit 1\nfi\n# This output is used by Xcode 'outputs' to avoid re-running this script phase.\necho \"SUCCESS\" > \"${SCRIPT_OUTPUT_FILE_0}\"\n";
			showEnvVarsInLog = 0;
		};
		C59DA0FBD6956966B86A3779 /* [CP] Embed Pods Frameworks */ = {
			isa = PBXShellScriptBuildPhase;
			buildActionMask = 2147483647;
			files = (
			);
			inputFileListPaths = (
				"${PODS_ROOT}/Target Support Files/Pods-Homy-HomyTests/Pods-Homy-HomyTests-frameworks-${CONFIGURATION}-input-files.xcfilelist",
			);
			name = "[CP] Embed Pods Frameworks";
			outputFileListPaths = (
				"${PODS_ROOT}/Target Support Files/Pods-Homy-HomyTests/Pods-Homy-HomyTests-frameworks-${CONFIGURATION}-output-files.xcfilelist",
			);
			runOnlyForDeploymentPostprocessing = 0;
			shellPath = /bin/sh;
			shellScript = "\"${PODS_ROOT}/Target Support Files/Pods-Homy-HomyTests/Pods-Homy-HomyTests-frameworks.sh\"\n";
			showEnvVarsInLog = 0;
		};
		E235C05ADACE081382539298 /* [CP] Copy Pods Resources */ = {
			isa = PBXShellScriptBuildPhase;
			buildActionMask = 2147483647;
			files = (
			);
			inputFileListPaths = (
				"${PODS_ROOT}/Target Support Files/Pods-Homy/Pods-Homy-resources-${CONFIGURATION}-input-files.xcfilelist",
			);
			name = "[CP] Copy Pods Resources";
			outputFileListPaths = (
				"${PODS_ROOT}/Target Support Files/Pods-Homy/Pods-Homy-resources-${CONFIGURATION}-output-files.xcfilelist",
			);
			runOnlyForDeploymentPostprocessing = 0;
			shellPath = /bin/sh;
			shellScript = "\"${PODS_ROOT}/Target Support Files/Pods-Homy/Pods-Homy-resources.sh\"\n";
			showEnvVarsInLog = 0;
		};
		F6A41C54EA430FDDC6A6ED99 /* [CP] Copy Pods Resources */ = {
			isa = PBXShellScriptBuildPhase;
			buildActionMask = 2147483647;
			files = (
			);
			inputFileListPaths = (
				"${PODS_ROOT}/Target Support Files/Pods-Homy-HomyTests/Pods-Homy-HomyTests-resources-${CONFIGURATION}-input-files.xcfilelist",
			);
			name = "[CP] Copy Pods Resources";
			outputFileListPaths = (
				"${PODS_ROOT}/Target Support Files/Pods-Homy-HomyTests/Pods-Homy-HomyTests-resources-${CONFIGURATION}-output-files.xcfilelist",
			);
			runOnlyForDeploymentPostprocessing = 0;
			shellPath = /bin/sh;
			shellScript = "\"${PODS_ROOT}/Target Support Files/Pods-Homy-HomyTests/Pods-Homy-HomyTests-resources.sh\"\n";
			showEnvVarsInLog = 0;
		};
		FD10A7F022414F080027D42C /* Start Packager */ = {
			isa = PBXShellScriptBuildPhase;
			buildActionMask = 2147483647;
			files = (
			);
			inputFileListPaths = (
			);
			inputPaths = (
			);
			name = "Start Packager";
			outputFileListPaths = (
			);
			outputPaths = (
			);
			runOnlyForDeploymentPostprocessing = 0;
			shellPath = /bin/sh;
			shellScript = "export RCT_METRO_PORT=\"${RCT_METRO_PORT:=8081}\"\necho \"export RCT_METRO_PORT=${RCT_METRO_PORT}\" > \"${SRCROOT}/../node_modules/react-native/scripts/.packager.env\"\nif [ -z \"${RCT_NO_LAUNCH_PACKAGER+xxx}\" ] ; then\n  if nc -w 5 -z localhost ${RCT_METRO_PORT} ; then\n    if ! curl -s \"http://localhost:${RCT_METRO_PORT}/status\" | grep -q \"packager-status:running\" ; then\n      echo \"Port ${RCT_METRO_PORT} already in use, packager is either not running or not running correctly\"\n      exit 2\n    fi\n  else\n    open \"$SRCROOT/../node_modules/react-native/scripts/launchPackager.command\" || echo \"Can't start packager automatically\"\n  fi\nfi\n";
			showEnvVarsInLog = 0;
		};
/* End PBXShellScriptBuildPhase section */

/* Begin PBXSourcesBuildPhase section */
		00E356EA1AD99517003FC87E /* Sources */ = {
			isa = PBXSourcesBuildPhase;
			buildActionMask = 2147483647;
			files = (
				00E356F31AD99517003FC87E /* HomyTests.m in Sources */,
			);
			runOnlyForDeploymentPostprocessing = 0;
		};
		13B07F871A680F5B00A75B9A /* Sources */ = {
			isa = PBXSourcesBuildPhase;
			buildActionMask = 2147483647;
			files = (
				13B07FBC1A68108700A75B9A /* AppDelegate.mm in Sources */,
				13B07FC11A68108700A75B9A /* main.m in Sources */,
			);
			runOnlyForDeploymentPostprocessing = 0;
		};
/* End PBXSourcesBuildPhase section */

/* Begin PBXTargetDependency section */
		00E356F51AD99517003FC87E /* PBXTargetDependency */ = {
			isa = PBXTargetDependency;
			target = 13B07F861A680F5B00A75B9A /* Homy */;
			targetProxy = 00E356F41AD99517003FC87E /* PBXContainerItemProxy */;
		};
/* End PBXTargetDependency section */

/* Begin XCBuildConfiguration section */
		00E356F61AD99517003FC87E /* Debug */ = {
			isa = XCBuildConfiguration;
			baseConfigurationReference = 5B7EB9410499542E8C5724F5 /* Pods-Homy-HomyTests.debug.xcconfig */;
			buildSettings = {
				BUNDLE_LOADER = "$(TEST_HOST)";
				GCC_PREPROCESSOR_DEFINITIONS = (
					"DEBUG=1",
					"$(inherited)",
				);
				INFOPLIST_FILE = HomyTests/Info.plist;
				IPHONEOS_DEPLOYMENT_TARGET = 12.4;
				LD_RUNPATH_SEARCH_PATHS = (
					"$(inherited)",
					"@executable_path/Frameworks",
					"@loader_path/Frameworks",
				);
				OTHER_LDFLAGS = (
					"-ObjC",
					"-lc++",
					"$(inherited)",
				);
				PRODUCT_BUNDLE_IDENTIFIER = "org.reactjs.native.example.$(PRODUCT_NAME:rfc1034identifier)";
				PRODUCT_NAME = "$(TARGET_NAME)";
				TEST_HOST = "$(BUILT_PRODUCTS_DIR)/Homy.app/Homy";
			};
			name = Debug;
		};
		00E356F71AD99517003FC87E /* Release */ = {
			isa = XCBuildConfiguration;
			baseConfigurationReference = 89C6BE57DB24E9ADA2F236DE /* Pods-Homy-HomyTests.release.xcconfig */;
			buildSettings = {
				BUNDLE_LOADER = "$(TEST_HOST)";
				COPY_PHASE_STRIP = NO;
				INFOPLIST_FILE = HomyTests/Info.plist;
				IPHONEOS_DEPLOYMENT_TARGET = 12.4;
				LD_RUNPATH_SEARCH_PATHS = (
					"$(inherited)",
					"@executable_path/Frameworks",
					"@loader_path/Frameworks",
				);
				OTHER_LDFLAGS = (
					"-ObjC",
					"-lc++",
					"$(inherited)",
				);
				PRODUCT_BUNDLE_IDENTIFIER = "org.reactjs.native.example.$(PRODUCT_NAME:rfc1034identifier)";
				PRODUCT_NAME = "$(TARGET_NAME)";
				TEST_HOST = "$(BUILT_PRODUCTS_DIR)/Homy.app/Homy";
			};
			name = Release;
		};
		13B07F941A680F5B00A75B9A /* Debug */ = {
			isa = XCBuildConfiguration;
			baseConfigurationReference = 3B4392A12AC88292D35C810B /* Pods-Homy.debug.xcconfig */;
			buildSettings = {
				ASSETCATALOG_COMPILER_APPICON_NAME = AppIcon;
				CLANG_ENABLE_MODULES = YES;
				CURRENT_PROJECT_VERSION = 1;
				ENABLE_BITCODE = NO;
				INFOPLIST_FILE = Homy/Info.plist;
				LD_RUNPATH_SEARCH_PATHS = (
					"$(inherited)",
					"@executable_path/Frameworks",
				);
				OTHER_LDFLAGS = (
					"$(inherited)",
					"-ObjC",
					"-lc++",
				);
				PRODUCT_BUNDLE_IDENTIFIER = "org.reactjs.native.example.$(PRODUCT_NAME:rfc1034identifier)";
				PRODUCT_NAME = Homy;
				SWIFT_OPTIMIZATION_LEVEL = "-Onone";
				SWIFT_VERSION = 5.0;
				VERSIONING_SYSTEM = "apple-generic";
			};
			name = Debug;
		};
		13B07F951A680F5B00A75B9A /* Release */ = {
			isa = XCBuildConfiguration;
			baseConfigurationReference = 5709B34CF0A7D63546082F79 /* Pods-Homy.release.xcconfig */;
			buildSettings = {
				ASSETCATALOG_COMPILER_APPICON_NAME = AppIcon;
				CLANG_ENABLE_MODULES = YES;
				CURRENT_PROJECT_VERSION = 1;
				INFOPLIST_FILE = Homy/Info.plist;
				LD_RUNPATH_SEARCH_PATHS = (
					"$(inherited)",
					"@executable_path/Frameworks",
				);
				OTHER_LDFLAGS = (
					"$(inherited)",
					"-ObjC",
					"-lc++",
				);
				PRODUCT_BUNDLE_IDENTIFIER = "org.reactjs.native.example.$(PRODUCT_NAME:rfc1034identifier)";
				PRODUCT_NAME = Homy;
				SWIFT_VERSION = 5.0;
				VERSIONING_SYSTEM = "apple-generic";
			};
			name = Release;
		};
		83CBBA201A601CBA00E9B192 /* Debug */ = {
			isa = XCBuildConfiguration;
			buildSettings = {
				ALWAYS_SEARCH_USER_PATHS = NO;
				CLANG_ANALYZER_LOCALIZABILITY_NONLOCALIZED = YES;
				CLANG_CXX_LANGUAGE_STANDARD = "c++17";
				CLANG_CXX_LIBRARY = "libc++";
				CLANG_ENABLE_MODULES = YES;
				CLANG_ENABLE_OBJC_ARC = YES;
				CLANG_WARN_BLOCK_CAPTURE_AUTORELEASING = YES;
				CLANG_WARN_BOOL_CONVERSION = YES;
				CLANG_WARN_COMMA = YES;
				CLANG_WARN_CONSTANT_CONVERSION = YES;
				CLANG_WARN_DEPRECATED_OBJC_IMPLEMENTATIONS = YES;
				CLANG_WARN_DIRECT_OBJC_ISA_USAGE = YES_ERROR;
				CLANG_WARN_EMPTY_BODY = YES;
				CLANG_WARN_ENUM_CONVERSION = YES;
				CLANG_WARN_INFINITE_RECURSION = YES;
				CLANG_WARN_INT_CONVERSION = YES;
				CLANG_WARN_NON_LITERAL_NULL_CONVERSION = YES;
				CLANG_WARN_OBJC_IMPLICIT_RETAIN_SELF = YES;
				CLANG_WARN_OBJC_LITERAL_CONVERSION = YES;
				CLANG_WARN_OBJC_ROOT_CLASS = YES_ERROR;
				CLANG_WARN_QUOTED_INCLUDE_IN_FRAMEWORK_HEADER = YES;
				CLANG_WARN_RANGE_LOOP_ANALYSIS = YES;
				CLANG_WARN_STRICT_PROTOTYPES = YES;
				CLANG_WARN_SUSPICIOUS_MOVE = YES;
				CLANG_WARN_UNREACHABLE_CODE = YES;
				CLANG_WARN__DUPLICATE_METHOD_MATCH = YES;
				"CODE_SIGN_IDENTITY[sdk=iphoneos*]" = "iPhone Developer";
				COPY_PHASE_STRIP = NO;
				ENABLE_STRICT_OBJC_MSGSEND = YES;
				ENABLE_TESTABILITY = YES;
				"EXCLUDED_ARCHS[sdk=iphonesimulator*]" = "";
				GCC_C_LANGUAGE_STANDARD = gnu99;
				GCC_DYNAMIC_NO_PIC = NO;
				GCC_NO_COMMON_BLOCKS = YES;
				GCC_OPTIMIZATION_LEVEL = 0;
				GCC_PREPROCESSOR_DEFINITIONS = (
					"DEBUG=1",
					"$(inherited)",
				);
				GCC_SYMBOLS_PRIVATE_EXTERN = NO;
				GCC_WARN_64_TO_32_BIT_CONVERSION = YES;
				GCC_WARN_ABOUT_RETURN_TYPE = YES_ERROR;
				GCC_WARN_UNDECLARED_SELECTOR = YES;
				GCC_WARN_UNINITIALIZED_AUTOS = YES_AGGRESSIVE;
				GCC_WARN_UNUSED_FUNCTION = YES;
				GCC_WARN_UNUSED_VARIABLE = YES;
				IPHONEOS_DEPLOYMENT_TARGET = 12.4;
				LD_RUNPATH_SEARCH_PATHS = (
					/usr/lib/swift,
					"$(inherited)",
				);
				LIBRARY_SEARCH_PATHS = (
					"\"$(SDKROOT)/usr/lib/swift\"",
					"\"$(TOOLCHAIN_DIR)/usr/lib/swift/$(PLATFORM_NAME)\"",
					"\"$(inherited)\"",
				);
				MTL_ENABLE_DEBUG_INFO = YES;
				ONLY_ACTIVE_ARCH = YES;
				OTHER_CPLUSPLUSFLAGS = (
					"$(OTHER_CFLAGS)",
					"-DFOLLY_NO_CONFIG",
					"-DFOLLY_MOBILE=1",
					"-DFOLLY_USE_LIBCPP=1",
				);
				SDKROOT = iphoneos;
			};
			name = Debug;
		};
		83CBBA211A601CBA00E9B192 /* Release */ = {
			isa = XCBuildConfiguration;
			buildSettings = {
				ALWAYS_SEARCH_USER_PATHS = NO;
				CLANG_ANALYZER_LOCALIZABILITY_NONLOCALIZED = YES;
				CLANG_CXX_LANGUAGE_STANDARD = "c++17";
				CLANG_CXX_LIBRARY = "libc++";
				CLANG_ENABLE_MODULES = YES;
				CLANG_ENABLE_OBJC_ARC = YES;
				CLANG_WARN_BLOCK_CAPTURE_AUTORELEASING = YES;
				CLANG_WARN_BOOL_CONVERSION = YES;
				CLANG_WARN_COMMA = YES;
				CLANG_WARN_CONSTANT_CONVERSION = YES;
				CLANG_WARN_DEPRECATED_OBJC_IMPLEMENTATIONS = YES;
				CLANG_WARN_DIRECT_OBJC_ISA_USAGE = YES_ERROR;
				CLANG_WARN_EMPTY_BODY = YES;
				CLANG_WARN_ENUM_CONVERSION = YES;
				CLANG_WARN_INFINITE_RECURSION = YES;
				CLANG_WARN_INT_CONVERSION = YES;
				CLANG_WARN_NON_LITERAL_NULL_CONVERSION = YES;
				CLANG_WARN_OBJC_IMPLICIT_RETAIN_SELF = YES;
				CLANG_WARN_OBJC_LITERAL_CONVERSION = YES;
				CLANG_WARN_OBJC_ROOT_CLASS = YES_ERROR;
				CLANG_WARN_QUOTED_INCLUDE_IN_FRAMEWORK_HEADER = YES;
				CLANG_WARN_RANGE_LOOP_ANALYSIS = YES;
				CLANG_WARN_STRICT_PROTOTYPES = YES;
				CLANG_WARN_SUSPICIOUS_MOVE = YES;
				CLANG_WARN_UNREACHABLE_CODE = YES;
				CLANG_WARN__DUPLICATE_METHOD_MATCH = YES;
				"CODE_SIGN_IDENTITY[sdk=iphoneos*]" = "iPhone Developer";
				COPY_PHASE_STRIP = YES;
				ENABLE_NS_ASSERTIONS = NO;
				ENABLE_STRICT_OBJC_MSGSEND = YES;
				"EXCLUDED_ARCHS[sdk=iphonesimulator*]" = "";
				GCC_C_LANGUAGE_STANDARD = gnu99;
				GCC_NO_COMMON_BLOCKS = YES;
				GCC_WARN_64_TO_32_BIT_CONVERSION = YES;
				GCC_WARN_ABOUT_RETURN_TYPE = YES_ERROR;
				GCC_WARN_UNDECLARED_SELECTOR = YES;
				GCC_WARN_UNINITIALIZED_AUTOS = YES_AGGRESSIVE;
				GCC_WARN_UNUSED_FUNCTION = YES;
				GCC_WARN_UNUSED_VARIABLE = YES;
				IPHONEOS_DEPLOYMENT_TARGET = 12.4;
				LD_RUNPATH_SEARCH_PATHS = (
					/usr/lib/swift,
					"$(inherited)",
				);
				LIBRARY_SEARCH_PATHS = (
					"\"$(SDKROOT)/usr/lib/swift\"",
					"\"$(TOOLCHAIN_DIR)/usr/lib/swift/$(PLATFORM_NAME)\"",
					"\"$(inherited)\"",
				);
				MTL_ENABLE_DEBUG_INFO = NO;
				OTHER_CPLUSPLUSFLAGS = (
					"$(OTHER_CFLAGS)",
					"-DFOLLY_NO_CONFIG",
					"-DFOLLY_MOBILE=1",
					"-DFOLLY_USE_LIBCPP=1",
				);
				SDKROOT = iphoneos;
				VALIDATE_PRODUCT = YES;
			};
			name = Release;
		};
/* End XCBuildConfiguration section */

/* Begin XCConfigurationList section */
		00E357021AD99517003FC87E /* Build configuration list for PBXNativeTarget "HomyTests" */ = {
			isa = XCConfigurationList;
			buildConfigurations = (
				00E356F61AD99517003FC87E /* Debug */,
				00E356F71AD99517003FC87E /* Release */,
			);
			defaultConfigurationIsVisible = 0;
			defaultConfigurationName = Release;
		};
		13B07F931A680F5B00A75B9A /* Build configuration list for PBXNativeTarget "Homy" */ = {
			isa = XCConfigurationList;
			buildConfigurations = (
				13B07F941A680F5B00A75B9A /* Debug */,
				13B07F951A680F5B00A75B9A /* Release */,
			);
			defaultConfigurationIsVisible = 0;
			defaultConfigurationName = Release;
		};
		83CBB9FA1A601CBA00E9B192 /* Build configuration list for PBXProject "Homy" */ = {
			isa = XCConfigurationList;
			buildConfigurations = (
				83CBBA201A601CBA00E9B192 /* Debug */,
				83CBBA211A601CBA00E9B192 /* Release */,
			);
			defaultConfigurationIsVisible = 0;
			defaultConfigurationName = Release;
		};
/* End XCConfigurationList section */
	};
	rootObject = 83CBB9F71A601CBA00E9B192 /* Project object */;
}
